
Microsoft Visual Studio Solution File, Format Version 12.00
# Visual Studio 15
VisualStudioVersion = 15.0.28307.421
MinimumVisualStudioVersion = 10.0.40219.1
Project("{FAE04EC0-301F-11D3-BF4B-00C04F79EFBC}") = "DecathlonDynamoErpApp", "DecathlonDynamoErpApp\DecathlonDynamoErpApp.csproj", "{B9CB467B-E948-406F-A4FD-651EE6D5556D}"
EndProject
Project("{FAE04EC0-301F-11D3-BF4B-00C04F79EFBC}") = "Dynamo.Data", "Dynamo.Data\Dynamo.Data.csproj", "{D2F1B061-6AC7-4694-A9DB-936FC0750AEB}"
EndProject
Project("{FAE04EC0-301F-11D3-BF4B-00C04F79EFBC}") = "Dynamo.Model", "Dynamo.Model\Dynamo.Model.csproj", "{4CC59DDE-46AE-4499-8039-CE5D22B90366}"
EndProject
Project("{FAE04EC0-301F-11D3-BF4B-00C04F79EFBC}") = "Dynamo.Repository", "Dynamo.Repository\Dynamo.Repository.csproj", "{8D7F8AE2-50FC-4980-901B-B6CCA1F643B9}"
EndProject
Project("{FAE04EC0-301F-11D3-BF4B-00C04F79EFBC}") = "Dynamo.Service", "Dynamo.Service\Dynamo.Service.csproj", "{83D59FD7-228C-44B9-BFCA-F5AB3C0FEC5E}"
EndProject
Global
	GlobalSection(SolutionConfigurationPlatforms) = preSolution
		Debug|Any CPU = Debug|Any CPU
		Release|Any CPU = Release|Any CPU
	EndGlobalSection
	GlobalSection(ProjectConfigurationPlatforms) = postSolution
		{B9CB467B-E948-406F-A4FD-651EE6D5556D}.Debug|Any CPU.ActiveCfg = Debug|Any CPU
		{B9CB467B-E948-406F-A4FD-651EE6D5556D}.Debug|Any CPU.Build.0 = Debug|Any CPU
		{B9CB467B-E948-406F-A4FD-651EE6D5556D}.Release|Any CPU.ActiveCfg = Release|Any CPU
		{B9CB467B-E948-406F-A4FD-651EE6D5556D}.Release|Any CPU.Build.0 = Release|Any CPU
		{D2F1B061-6AC7-4694-A9DB-936FC0750AEB}.Debug|Any CPU.ActiveCfg = Debug|Any CPU
		{D2F1B061-6AC7-4694-A9DB-936FC0750AEB}.Debug|Any CPU.Build.0 = Debug|Any CPU
		{D2F1B061-6AC7-4694-A9DB-936FC0750AEB}.Release|Any CPU.ActiveCfg = Release|Any CPU
		{D2F1B061-6AC7-4694-A9DB-936FC0750AEB}.Release|Any CPU.Build.0 = Release|Any CPU
		{4CC59DDE-46AE-4499-8039-CE5D22B90366}.Debug|Any CPU.ActiveCfg = Debug|Any CPU
		{4CC59DDE-46AE-4499-8039-CE5D22B90366}.Debug|Any CPU.Build.0 = Debug|Any CPU
		{4CC59DDE-46AE-4499-8039-CE5D22B90366}.Release|Any CPU.ActiveCfg = Release|Any CPU
		{4CC59DDE-46AE-4499-8039-CE5D22B90366}.Release|Any CPU.Build.0 = Release|Any CPU
		{8D7F8AE2-50FC-4980-901B-B6CCA1F643B9}.Debug|Any CPU.ActiveCfg = Debug|Any CPU
		{8D7F8AE2-50FC-4980-901B-B6CCA1F643B9}.Debug|Any CPU.Build.0 = Debug|Any CPU
		{8D7F8AE2-50FC-4980-901B-B6CCA1F643B9}.Release|Any CPU.ActiveCfg = Release|Any CPU
		{8D7F8AE2-50FC-4980-901B-B6CCA1F643B9}.Release|Any CPU.Build.0 = Release|Any CPU
		{83D59FD7-228C-44B9-BFCA-F5AB3C0FEC5E}.Debug|Any CPU.ActiveCfg = Debug|Any CPU
		{83D59FD7-228C-44B9-BFCA-F5AB3C0FEC5E}.Debug|Any CPU.Build.0 = Debug|Any CPU
		{83D59FD7-228C-44B9-BFCA-F5AB3C0FEC5E}.Release|Any CPU.ActiveCfg = Release|Any CPU
		{83D59FD7-228C-44B9-BFCA-F5AB3C0FEC5E}.Release|Any CPU.Build.0 = Release|Any CPU
	EndGlobalSection
	GlobalSection(SolutionProperties) = preSolution
		HideSolutionNode = FALSE
	EndGlobalSection
	GlobalSection(ExtensibilityGlobals) = postSolution
		SolutionGuid = {07D137A9-D6EF-4C7F-AB5D-75AB1E8136F8}
	EndGlobalSection
EndGlobal
